
Microsoft Visual Studio Solution File, Format Version 12.00
# Visual Studio Version 16
VisualStudioVersion = 16.0.30011.22
MinimumVisualStudioVersion = 10.0.40219.1
Project("{8BC9CEB8-8B4A-11D0-8D11-00A0C91BC942}") = "PrimeCalculator", "PrimeCalculator\PrimeCalculator.vcxproj", "{FC385E48-BC60-4A96-80C3-31103CE893C7}"
EndProject
Global
	GlobalSection(SolutionConfigurationPlatforms) = preSolution
		Debug|x64 = Debug|x64
		Debug|x86 = Debug|x86
		Release|x64 = Release|x64
		Release|x86 = Release|x86
	EndGlobalSection
	GlobalSection(ProjectConfigurationPlatforms) = postSolution
		{FC385E48-BC60-4A96-80C3-31103CE893C7}.Debug|x64.ActiveCfg = Debug|x64
		{FC385E48-BC60-4A96-80C3-31103CE893C7}.Debug|x64.Build.0 = Debug|x64
		{FC385E48-BC60-4A96-80C3-31103CE893C7}.Debug|x86.ActiveCfg = Debug|Win32
		{FC385E48-BC60-4A96-80C3-31103CE893C7}.Debug|x86.Build.0 = Debug|Win32
		{FC385E48-BC60-4A96-80C3-31103CE893C7}.Release|x64.ActiveCfg = Release|x64
		{FC385E48-BC60-4A96-80C3-31103CE893C7}.Release|x64.Build.0 = Release|x64
		{FC385E48-BC60-4A96-80C3-31103CE893C7}.Release|x86.ActiveCfg = Release|Win32
		{FC385E48-BC60-4A96-80C3-31103CE893C7}.Release|x86.Build.0 = Release|Win32
	EndGlobalSection
	GlobalSection(SolutionProperties) = preSolution
		HideSolutionNode = FALSE
	EndGlobalSection
	GlobalSection(ExtensibilityGlobals) = postSolution
		SolutionGuid = {F033E6D7-0E93-438B-9533-4860A3718712}
	EndGlobalSection
EndGlobal
